
Microsoft Visual Studio Solution File, Format Version 12.00
# Visual Studio Version 17
VisualStudioVersion = 17.14.36623.8 d17.14
MinimumVisualStudioVersion = 10.0.40219.1
Project("{54A90642-561A-4BB1-A94E-469ADEE60C69}") = "wakenetserver.client", "wakenetserver.client\wakenetserver.client.esproj", "{B4FB21A3-C636-8DCA-5542-F9B5DDD29361}"
EndProject
Project("{FAE04EC0-301F-11D3-BF4B-00C04F79EFBC}") = "WakeNetServer.Server", "WakeNetServer.Server\WakeNetServer.Server.csproj", "{F058B489-7C72-464A-860A-43AEC080CBDE}"
EndProject
Project("{FAE04EC0-301F-11D3-BF4B-00C04F79EFBC}") = "WakeNetClient", "WakeNetClient\WakeNetClient.csproj", "{32A90FD8-8B46-4E8D-9F09-E9F48B6477EB}"
EndProject
Global
	GlobalSection(SolutionConfigurationPlatforms) = preSolution
		Debug|Any CPU = Debug|Any CPU
		Release|Any CPU = Release|Any CPU
	EndGlobalSection
	GlobalSection(ProjectConfigurationPlatforms) = postSolution
		{B4FB21A3-C636-8DCA-5542-F9B5DDD29361}.Debug|Any CPU.ActiveCfg = Debug|Any CPU
		{B4FB21A3-C636-8DCA-5542-F9B5DDD29361}.Debug|Any CPU.Build.0 = Debug|Any CPU
		{B4FB21A3-C636-8DCA-5542-F9B5DDD29361}.Debug|Any CPU.Deploy.0 = Debug|Any CPU
		{B4FB21A3-C636-8DCA-5542-F9B5DDD29361}.Release|Any CPU.ActiveCfg = Release|Any CPU
		{B4FB21A3-C636-8DCA-5542-F9B5DDD29361}.Release|Any CPU.Build.0 = Release|Any CPU
		{B4FB21A3-C636-8DCA-5542-F9B5DDD29361}.Release|Any CPU.Deploy.0 = Release|Any CPU
		{F058B489-7C72-464A-860A-43AEC080CBDE}.Debug|Any CPU.ActiveCfg = Debug|Any CPU
		{F058B489-7C72-464A-860A-43AEC080CBDE}.Debug|Any CPU.Build.0 = Debug|Any CPU
		{F058B489-7C72-464A-860A-43AEC080CBDE}.Release|Any CPU.ActiveCfg = Release|Any CPU
		{F058B489-7C72-464A-860A-43AEC080CBDE}.Release|Any CPU.Build.0 = Release|Any CPU
		{32A90FD8-8B46-4E8D-9F09-E9F48B6477EB}.Debug|Any CPU.ActiveCfg = Debug|Any CPU
		{32A90FD8-8B46-4E8D-9F09-E9F48B6477EB}.Debug|Any CPU.Build.0 = Debug|Any CPU
		{32A90FD8-8B46-4E8D-9F09-E9F48B6477EB}.Release|Any CPU.ActiveCfg = Release|Any CPU
		{32A90FD8-8B46-4E8D-9F09-E9F48B6477EB}.Release|Any CPU.Build.0 = Release|Any CPU
	EndGlobalSection
	GlobalSection(SolutionProperties) = preSolution
		HideSolutionNode = FALSE
	EndGlobalSection
	GlobalSection(ExtensibilityGlobals) = postSolution
		SolutionGuid = {4250577E-A09F-4A92-AC50-4F727FD28459}
	EndGlobalSection
EndGlobal
